
Microsoft Visual Studio Solution File, Format Version 12.00
# Visual Studio Version 16
VisualStudioVersion = 16.0.30204.135
MinimumVisualStudioVersion = 10.0.40219.1
Project("{9A19103F-16F7-4668-BE54-9A1E7A4F7556}") = "CarServiceLibrary_Karm", "CarServiceLibrary_Karm.csproj", "{209EAB5B-0B35-4BBB-AC97-31EFF7B9B43E}"
EndProject
Project("{FAE04EC0-301F-11D3-BF4B-00C04F79EFBC}") = "CarServiceLibrary_Karm.Test", "..\CarServiceLibrary_Karm.Test\CarServiceLibrary_Karm.Test.csproj", "{2D942221-2679-4223-8BEA-A9B650532B0B}"
	ProjectSection(ProjectDependencies) = postProject
		{209EAB5B-0B35-4BBB-AC97-31EFF7B9B43E} = {209EAB5B-0B35-4BBB-AC97-31EFF7B9B43E}
	EndProjectSection
EndProject
Global
	GlobalSection(SolutionConfigurationPlatforms) = preSolution
		Debug|Any CPU = Debug|Any CPU
		Release|Any CPU = Release|Any CPU
	EndGlobalSection
	GlobalSection(ProjectConfigurationPlatforms) = postSolution
		{209EAB5B-0B35-4BBB-AC97-31EFF7B9B43E}.Debug|Any CPU.ActiveCfg = Debug|Any CPU
		{209EAB5B-0B35-4BBB-AC97-31EFF7B9B43E}.Debug|Any CPU.Build.0 = Debug|Any CPU
		{209EAB5B-0B35-4BBB-AC97-31EFF7B9B43E}.Release|Any CPU.ActiveCfg = Release|Any CPU
		{209EAB5B-0B35-4BBB-AC97-31EFF7B9B43E}.Release|Any CPU.Build.0 = Release|Any CPU
		{2D942221-2679-4223-8BEA-A9B650532B0B}.Debug|Any CPU.ActiveCfg = Debug|Any CPU
		{2D942221-2679-4223-8BEA-A9B650532B0B}.Debug|Any CPU.Build.0 = Debug|Any CPU
		{2D942221-2679-4223-8BEA-A9B650532B0B}.Release|Any CPU.ActiveCfg = Release|Any CPU
		{2D942221-2679-4223-8BEA-A9B650532B0B}.Release|Any CPU.Build.0 = Release|Any CPU
	EndGlobalSection
	GlobalSection(SolutionProperties) = preSolution
		HideSolutionNode = FALSE
	EndGlobalSection
	GlobalSection(ExtensibilityGlobals) = postSolution
		SolutionGuid = {E80699AE-BE1C-426F-882F-8B42F54B7F23}
	EndGlobalSection
EndGlobal
